
Microsoft Visual Studio Solution File, Format Version 12.00
# Visual Studio Version 17
VisualStudioVersion = 17.11.35312.102
MinimumVisualStudioVersion = 10.0.40219.1
Project("{FAE04EC0-301F-11D3-BF4B-00C04F79EFBC}") = "ListaLigada.UI.Consola", "ListaLigada.UI.Consola\ListaLigada.UI.Consola.csproj", "{A51C78E3-96FD-4EF2-B572-3FB03143C680}"
EndProject
Project("{FAE04EC0-301F-11D3-BF4B-00C04F79EFBC}") = "ListaLigada.Logica", "ListaLigada.Logica\ListaLigada.Logica.csproj", "{D6D927BA-ED07-44D1-B8F6-69A7D72AF788}"
EndProject
Global
	GlobalSection(SolutionConfigurationPlatforms) = preSolution
		Debug|Any CPU = Debug|Any CPU
		Release|Any CPU = Release|Any CPU
	EndGlobalSection
	GlobalSection(ProjectConfigurationPlatforms) = postSolution
		{A51C78E3-96FD-4EF2-B572-3FB03143C680}.Debug|Any CPU.ActiveCfg = Debug|Any CPU
		{A51C78E3-96FD-4EF2-B572-3FB03143C680}.Debug|Any CPU.Build.0 = Debug|Any CPU
		{A51C78E3-96FD-4EF2-B572-3FB03143C680}.Release|Any CPU.ActiveCfg = Release|Any CPU
		{A51C78E3-96FD-4EF2-B572-3FB03143C680}.Release|Any CPU.Build.0 = Release|Any CPU
		{D6D927BA-ED07-44D1-B8F6-69A7D72AF788}.Debug|Any CPU.ActiveCfg = Debug|Any CPU
		{D6D927BA-ED07-44D1-B8F6-69A7D72AF788}.Debug|Any CPU.Build.0 = Debug|Any CPU
		{D6D927BA-ED07-44D1-B8F6-69A7D72AF788}.Release|Any CPU.ActiveCfg = Release|Any CPU
		{D6D927BA-ED07-44D1-B8F6-69A7D72AF788}.Release|Any CPU.Build.0 = Release|Any CPU
	EndGlobalSection
	GlobalSection(SolutionProperties) = preSolution
		HideSolutionNode = FALSE
	EndGlobalSection
	GlobalSection(ExtensibilityGlobals) = postSolution
		SolutionGuid = {CDA38382-38C1-41F4-A050-4FDA79712E2C}
	EndGlobalSection
EndGlobal
